// !$*UTF8*$!
{
	archiveVersion = 1;
	classes = {
	};
	objectVersion = 56;
	objects = {

/* Begin PBXBuildFile section */
		4FB9E82D2C2AEE7E00B8B567 /* AppDelegate.swift in Sources */ = {isa = PBXBuildFile; fileRef = 4FB9E82C2C2AEE7E00B8B567 /* AppDelegate.swift */; };
		4FB9E82F2C2AEE7E00B8B567 /* SceneDelegate.swift in Sources */ = {isa = PBXBuildFile; fileRef = 4FB9E82E2C2AEE7E00B8B567 /* SceneDelegate.swift */; };
		4FB9E8312C2AEE7E00B8B567 /* MainTabbarViewController.swift in Sources */ = {isa = PBXBuildFile; fileRef = 4FB9E8302C2AEE7E00B8B567 /* MainTabbarViewController.swift */; };
		4FB9E8362C2AEE8000B8B567 /* Assets.xcassets in Resources */ = {isa = PBXBuildFile; fileRef = 4FB9E8352C2AEE8000B8B567 /* Assets.xcassets */; };
		4FB9E8392C2AEE8000B8B567 /* LaunchScreen.storyboard in Resources */ = {isa = PBXBuildFile; fileRef = 4FB9E8372C2AEE8000B8B567 /* LaunchScreen.storyboard */; };
		4FB9E8442C2AEE8100B8B567 /* TwitterCloneTests.swift in Sources */ = {isa = PBXBuildFile; fileRef = 4FB9E8432C2AEE8100B8B567 /* TwitterCloneTests.swift */; };
		4FB9E84E2C2AEE8100B8B567 /* TwitterCloneUITests.swift in Sources */ = {isa = PBXBuildFile; fileRef = 4FB9E84D2C2AEE8100B8B567 /* TwitterCloneUITests.swift */; };
		4FB9E8502C2AEE8100B8B567 /* TwitterCloneUITestsLaunchTests.swift in Sources */ = {isa = PBXBuildFile; fileRef = 4FB9E84F2C2AEE8100B8B567 /* TwitterCloneUITestsLaunchTests.swift */; };
		4FB9E85F2C2B099A00B8B567 /* HomeViewController.swift in Sources */ = {isa = PBXBuildFile; fileRef = 4FB9E85E2C2B099A00B8B567 /* HomeViewController.swift */; };
		4FB9E8612C2B09A900B8B567 /* SearchViewController.swift in Sources */ = {isa = PBXBuildFile; fileRef = 4FB9E8602C2B09A900B8B567 /* SearchViewController.swift */; };
		4FB9E8632C2B0A0800B8B567 /* NotificationsViewController.swift in Sources */ = {isa = PBXBuildFile; fileRef = 4FB9E8622C2B0A0800B8B567 /* NotificationsViewController.swift */; };
		4FB9E8652C2B0A2300B8B567 /* DirectMessagesViewController.swift in Sources */ = {isa = PBXBuildFile; fileRef = 4FB9E8642C2B0A2300B8B567 /* DirectMessagesViewController.swift */; };
		4FB9E8682C2C642800B8B567 /* TweetTableViewCell.swift in Sources */ = {isa = PBXBuildFile; fileRef = 4FB9E8672C2C642800B8B567 /* TweetTableViewCell.swift */; };
		4FB9E86B2C2DA79700B8B567 /* ProfileViewController.swift in Sources */ = {isa = PBXBuildFile; fileRef = 4FB9E86A2C2DA79700B8B567 /* ProfileViewController.swift */; };
		4FB9E86D2C308E8B00B8B567 /* ProfileHeaderUIView.swift in Sources */ = {isa = PBXBuildFile; fileRef = 4FB9E86C2C308E8B00B8B567 /* ProfileHeaderUIView.swift */; };
		4FC19CD72C4705E800DBC31B /* GoogleService-Info.plist in Resources */ = {isa = PBXBuildFile; fileRef = 4FC19CD62C4705E800DBC31B /* GoogleService-Info.plist */; };
		4FC19CDA2C4706D300DBC31B /* FirebaseAuth in Frameworks */ = {isa = PBXBuildFile; productRef = 4FC19CD92C4706D300DBC31B /* FirebaseAuth */; };
		4FC19CDC2C4706D300DBC31B /* FirebaseAuthCombine-Community in Frameworks */ = {isa = PBXBuildFile; productRef = 4FC19CDB2C4706D300DBC31B /* FirebaseAuthCombine-Community */; };
		4FC19CDE2C4706D300DBC31B /* FirebaseDatabase in Frameworks */ = {isa = PBXBuildFile; productRef = 4FC19CDD2C4706D300DBC31B /* FirebaseDatabase */; };
		4FC19CE02C4706D300DBC31B /* FirebaseDatabaseSwift in Frameworks */ = {isa = PBXBuildFile; productRef = 4FC19CDF2C4706D300DBC31B /* FirebaseDatabaseSwift */; };
		4FC19CE22C4706D300DBC31B /* FirebaseFirestore in Frameworks */ = {isa = PBXBuildFile; productRef = 4FC19CE12C4706D300DBC31B /* FirebaseFirestore */; };
		4FC19CE42C4706D300DBC31B /* FirebaseFirestoreCombine-Community in Frameworks */ = {isa = PBXBuildFile; productRef = 4FC19CE32C4706D300DBC31B /* FirebaseFirestoreCombine-Community */; };
		4FC19CE62C4706D300DBC31B /* FirebaseFirestoreSwift in Frameworks */ = {isa = PBXBuildFile; productRef = 4FC19CE52C4706D300DBC31B /* FirebaseFirestoreSwift */; };
		4FC19CE82C4706D300DBC31B /* FirebaseStorage in Frameworks */ = {isa = PBXBuildFile; productRef = 4FC19CE72C4706D300DBC31B /* FirebaseStorage */; };
		4FC19CEA2C4706D300DBC31B /* FirebaseStorageCombine-Community in Frameworks */ = {isa = PBXBuildFile; productRef = 4FC19CE92C4706D300DBC31B /* FirebaseStorageCombine-Community */; };
		4FC19CED2C4715D200DBC31B /* OnboardingViewController.swift in Sources */ = {isa = PBXBuildFile; fileRef = 4FC19CEC2C4715D200DBC31B /* OnboardingViewController.swift */; };
		4FC19CEF2C4AB4B100DBC31B /* RegisterViewController.swift in Sources */ = {isa = PBXBuildFile; fileRef = 4FC19CEE2C4AB4B100DBC31B /* RegisterViewController.swift */; };
		4FC19CF22C71037800DBC31B /* RegisterViewViewModel.swift in Sources */ = {isa = PBXBuildFile; fileRef = 4FC19CF12C71037800DBC31B /* RegisterViewViewModel.swift */; };
		4FC19CF62C9C5CAB00DBC31B /* AuthManager.swift in Sources */ = {isa = PBXBuildFile; fileRef = 4FC19CF52C9C5CAB00DBC31B /* AuthManager.swift */; };
		4FC19CF82CA1ADAB00DBC31B /* LoginViewController.swift in Sources */ = {isa = PBXBuildFile; fileRef = 4FC19CF72CA1ADAA00DBC31B /* LoginViewController.swift */; };
/* End PBXBuildFile section */

/* Begin PBXContainerItemProxy section */
		4FB9E8402C2AEE8100B8B567 /* PBXContainerItemProxy */ = {
			isa = PBXContainerItemProxy;
			containerPortal = 4FB9E8212C2AEE7E00B8B567 /* Project object */;
			proxyType = 1;
			remoteGlobalIDString = 4FB9E8282C2AEE7E00B8B567;
			remoteInfo = TwitterClone;
		};
		4FB9E84A2C2AEE8100B8B567 /* PBXContainerItemProxy */ = {
			isa = PBXContainerItemProxy;
			containerPortal = 4FB9E8212C2AEE7E00B8B567 /* Project object */;
			proxyType = 1;
			remoteGlobalIDString = 4FB9E8282C2AEE7E00B8B567;
			remoteInfo = TwitterClone;
		};
/* End PBXContainerItemProxy section */

/* Begin PBXFileReference section */
		4FB9E8292C2AEE7E00B8B567 /* TwitterClone.app */ = {isa = PBXFileReference; explicitFileType = wrapper.application; includeInIndex = 0; path = TwitterClone.app; sourceTree = BUILT_PRODUCTS_DIR; };
		4FB9E82C2C2AEE7E00B8B567 /* AppDelegate.swift */ = {isa = PBXFileReference; lastKnownFileType = sourcecode.swift; path = AppDelegate.swift; sourceTree = "<group>"; };
		4FB9E82E2C2AEE7E00B8B567 /* SceneDelegate.swift */ = {isa = PBXFileReference; lastKnownFileType = sourcecode.swift; path = SceneDelegate.swift; sourceTree = "<group>"; };
		4FB9E8302C2AEE7E00B8B567 /* MainTabbarViewController.swift */ = {isa = PBXFileReference; lastKnownFileType = sourcecode.swift; path = MainTabbarViewController.swift; sourceTree = "<group>"; };
		4FB9E8352C2AEE8000B8B567 /* Assets.xcassets */ = {isa = PBXFileReference; lastKnownFileType = folder.assetcatalog; path = Assets.xcassets; sourceTree = "<group>"; };
		4FB9E8382C2AEE8000B8B567 /* Base */ = {isa = PBXFileReference; lastKnownFileType = file.storyboard; name = Base; path = Base.lproj/LaunchScreen.storyboard; sourceTree = "<group>"; };
		4FB9E83A2C2AEE8000B8B567 /* Info.plist */ = {isa = PBXFileReference; lastKnownFileType = text.plist.xml; path = Info.plist; sourceTree = "<group>"; };
		4FB9E83F2C2AEE8100B8B567 /* TwitterCloneTests.xctest */ = {isa = PBXFileReference; explicitFileType = wrapper.cfbundle; includeInIndex = 0; path = TwitterCloneTests.xctest; sourceTree = BUILT_PRODUCTS_DIR; };
		4FB9E8432C2AEE8100B8B567 /* TwitterCloneTests.swift */ = {isa = PBXFileReference; lastKnownFileType = sourcecode.swift; path = TwitterCloneTests.swift; sourceTree = "<group>"; };
		4FB9E8492C2AEE8100B8B567 /* TwitterCloneUITests.xctest */ = {isa = PBXFileReference; explicitFileType = wrapper.cfbundle; includeInIndex = 0; path = TwitterCloneUITests.xctest; sourceTree = BUILT_PRODUCTS_DIR; };
		4FB9E84D2C2AEE8100B8B567 /* TwitterCloneUITests.swift */ = {isa = PBXFileReference; lastKnownFileType = sourcecode.swift; path = TwitterCloneUITests.swift; sourceTree = "<group>"; };
		4FB9E84F2C2AEE8100B8B567 /* TwitterCloneUITestsLaunchTests.swift */ = {isa = PBXFileReference; lastKnownFileType = sourcecode.swift; path = TwitterCloneUITestsLaunchTests.swift; sourceTree = "<group>"; };
		4FB9E85E2C2B099A00B8B567 /* HomeViewController.swift */ = {isa = PBXFileReference; lastKnownFileType = sourcecode.swift; path = HomeViewController.swift; sourceTree = "<group>"; };
		4FB9E8602C2B09A900B8B567 /* SearchViewController.swift */ = {isa = PBXFileReference; lastKnownFileType = sourcecode.swift; path = SearchViewController.swift; sourceTree = "<group>"; };
		4FB9E8622C2B0A0800B8B567 /* NotificationsViewController.swift */ = {isa = PBXFileReference; lastKnownFileType = sourcecode.swift; path = NotificationsViewController.swift; sourceTree = "<group>"; };
		4FB9E8642C2B0A2300B8B567 /* DirectMessagesViewController.swift */ = {isa = PBXFileReference; lastKnownFileType = sourcecode.swift; path = DirectMessagesViewController.swift; sourceTree = "<group>"; };
		4FB9E8672C2C642800B8B567 /* TweetTableViewCell.swift */ = {isa = PBXFileReference; lastKnownFileType = sourcecode.swift; path = TweetTableViewCell.swift; sourceTree = "<group>"; };
		4FB9E86A2C2DA79700B8B567 /* ProfileViewController.swift */ = {isa = PBXFileReference; lastKnownFileType = sourcecode.swift; path = ProfileViewController.swift; sourceTree = "<group>"; };
		4FB9E86C2C308E8B00B8B567 /* ProfileHeaderUIView.swift */ = {isa = PBXFileReference; lastKnownFileType = sourcecode.swift; path = ProfileHeaderUIView.swift; sourceTree = "<group>"; };
		4FC19CD62C4705E800DBC31B /* GoogleService-Info.plist */ = {isa = PBXFileReference; fileEncoding = 4; lastKnownFileType = text.plist.xml; name = "GoogleService-Info.plist"; path = "../../../../Downloads/GoogleService-Info.plist"; sourceTree = "<group>"; };
		4FC19CEC2C4715D200DBC31B /* OnboardingViewController.swift */ = {isa = PBXFileReference; lastKnownFileType = sourcecode.swift; path = OnboardingViewController.swift; sourceTree = "<group>"; };
		4FC19CEE2C4AB4B100DBC31B /* RegisterViewController.swift */ = {isa = PBXFileReference; lastKnownFileType = sourcecode.swift; path = RegisterViewController.swift; sourceTree = "<group>"; };
		4FC19CF12C71037800DBC31B /* RegisterViewViewModel.swift */ = {isa = PBXFileReference; lastKnownFileType = sourcecode.swift; path = RegisterViewViewModel.swift; sourceTree = "<group>"; };
		4FC19CF52C9C5CAB00DBC31B /* AuthManager.swift */ = {isa = PBXFileReference; lastKnownFileType = sourcecode.swift; path = AuthManager.swift; sourceTree = "<group>"; };
		4FC19CF72CA1ADAA00DBC31B /* LoginViewController.swift */ = {isa = PBXFileReference; lastKnownFileType = sourcecode.swift; path = LoginViewController.swift; sourceTree = "<group>"; };
/* End PBXFileReference section */

/* Begin PBXFrameworksBuildPhase section */
		4FB9E8262C2AEE7E00B8B567 /* Frameworks */ = {
			isa = PBXFrameworksBuildPhase;
			buildActionMask = 2147483647;
			files = (
				4FC19CE02C4706D300DBC31B /* FirebaseDatabaseSwift in Frameworks */,
				4FC19CDE2C4706D300DBC31B /* FirebaseDatabase in Frameworks */,
				4FC19CDA2C4706D300DBC31B /* FirebaseAuth in Frameworks */,
				4FC19CE62C4706D300DBC31B /* FirebaseFirestoreSwift in Frameworks */,
				4FC19CE42C4706D300DBC31B /* FirebaseFirestoreCombine-Community in Frameworks */,
				4FC19CE82C4706D300DBC31B /* FirebaseStorage in Frameworks */,
				4FC19CE22C4706D300DBC31B /* FirebaseFirestore in Frameworks */,
				4FC19CEA2C4706D300DBC31B /* FirebaseStorageCombine-Community in Frameworks */,
				4FC19CDC2C4706D300DBC31B /* FirebaseAuthCombine-Community in Frameworks */,
			);
			runOnlyForDeploymentPostprocessing = 0;
		};
		4FB9E83C2C2AEE8100B8B567 /* Frameworks */ = {
			isa = PBXFrameworksBuildPhase;
			buildActionMask = 2147483647;
			files = (
			);
			runOnlyForDeploymentPostprocessing = 0;
		};
		4FB9E8462C2AEE8100B8B567 /* Frameworks */ = {
			isa = PBXFrameworksBuildPhase;
			buildActionMask = 2147483647;
			files = (
			);
			runOnlyForDeploymentPostprocessing = 0;
		};
/* End PBXFrameworksBuildPhase section */

/* Begin PBXGroup section */
		4FB9E8202C2AEE7E00B8B567 = {
			isa = PBXGroup;
			children = (
				4FB9E82B2C2AEE7E00B8B567 /* TwitterClone */,
				4FB9E8422C2AEE8100B8B567 /* TwitterCloneTests */,
				4FB9E84C2C2AEE8100B8B567 /* TwitterCloneUITests */,
				4FB9E82A2C2AEE7E00B8B567 /* Products */,
			);
			sourceTree = "<group>";
		};
		4FB9E82A2C2AEE7E00B8B567 /* Products */ = {
			isa = PBXGroup;
			children = (
				4FB9E8292C2AEE7E00B8B567 /* TwitterClone.app */,
				4FB9E83F2C2AEE8100B8B567 /* TwitterCloneTests.xctest */,
				4FB9E8492C2AEE8100B8B567 /* TwitterCloneUITests.xctest */,
			);
			name = Products;
			sourceTree = "<group>";
		};
		4FB9E82B2C2AEE7E00B8B567 /* TwitterClone */ = {
			isa = PBXGroup;
			children = (
				4FC19CF32C9C5C5D00DBC31B /* Networking */,
				4FC19CF02C71034000DBC31B /* ViewModel */,
				4FB9E8662C2C63F800B8B567 /* Views */,
				4FB9E85C2C2B092F00B8B567 /* Controllers */,
				4FB9E82C2C2AEE7E00B8B567 /* AppDelegate.swift */,
				4FB9E82E2C2AEE7E00B8B567 /* SceneDelegate.swift */,
				4FB9E8352C2AEE8000B8B567 /* Assets.xcassets */,
				4FB9E8372C2AEE8000B8B567 /* LaunchScreen.storyboard */,
				4FB9E83A2C2AEE8000B8B567 /* Info.plist */,
				4FC19CD62C4705E800DBC31B /* GoogleService-Info.plist */,
			);
			path = TwitterClone;
			sourceTree = "<group>";
		};
		4FB9E8422C2AEE8100B8B567 /* TwitterCloneTests */ = {
			isa = PBXGroup;
			children = (
				4FB9E8432C2AEE8100B8B567 /* TwitterCloneTests.swift */,
			);
			path = TwitterCloneTests;
			sourceTree = "<group>";
		};
		4FB9E84C2C2AEE8100B8B567 /* TwitterCloneUITests */ = {
			isa = PBXGroup;
			children = (
				4FB9E84D2C2AEE8100B8B567 /* TwitterCloneUITests.swift */,
				4FB9E84F2C2AEE8100B8B567 /* TwitterCloneUITestsLaunchTests.swift */,
			);
			path = TwitterCloneUITests;
			sourceTree = "<group>";
		};
		4FB9E85C2C2B092F00B8B567 /* Controllers */ = {
			isa = PBXGroup;
			children = (
				4FC19CEB2C4715A200DBC31B /* Onboarding */,
				4FB9E8692C2DA75800B8B567 /* Genenral */,
				4FB9E85D2C2B094100B8B567 /* Core */,
			);
			path = Controllers;
			sourceTree = "<group>";
		};
		4FB9E85D2C2B094100B8B567 /* Core */ = {
			isa = PBXGroup;
			children = (
				4FB9E8302C2AEE7E00B8B567 /* MainTabbarViewController.swift */,
				4FB9E85E2C2B099A00B8B567 /* HomeViewController.swift */,
				4FB9E8602C2B09A900B8B567 /* SearchViewController.swift */,
				4FB9E8622C2B0A0800B8B567 /* NotificationsViewController.swift */,
				4FB9E8642C2B0A2300B8B567 /* DirectMessagesViewController.swift */,
			);
			path = Core;
			sourceTree = "<group>";
		};
		4FB9E8662C2C63F800B8B567 /* Views */ = {
			isa = PBXGroup;
			children = (
				4FB9E8672C2C642800B8B567 /* TweetTableViewCell.swift */,
				4FB9E86C2C308E8B00B8B567 /* ProfileHeaderUIView.swift */,
			);
			path = Views;
			sourceTree = "<group>";
		};
		4FB9E8692C2DA75800B8B567 /* Genenral */ = {
			isa = PBXGroup;
			children = (
				4FB9E86A2C2DA79700B8B567 /* ProfileViewController.swift */,
			);
			path = Genenral;
			sourceTree = "<group>";
		};
		4FC19CEB2C4715A200DBC31B /* Onboarding */ = {
			isa = PBXGroup;
			children = (
				4FC19CEC2C4715D200DBC31B /* OnboardingViewController.swift */,
				4FC19CEE2C4AB4B100DBC31B /* RegisterViewController.swift */,
				4FC19CF72CA1ADAA00DBC31B /* LoginViewController.swift */,
			);
			path = Onboarding;
			sourceTree = "<group>";
		};
		4FC19CF02C71034000DBC31B /* ViewModel */ = {
			isa = PBXGroup;
			children = (
				4FC19CF12C71037800DBC31B /* RegisterViewViewModel.swift */,
			);
			path = ViewModel;
			sourceTree = "<group>";
		};
		4FC19CF32C9C5C5D00DBC31B /* Networking */ = {
			isa = PBXGroup;
			children = (
				4FC19CF52C9C5CAB00DBC31B /* AuthManager.swift */,
			);
			path = Networking;
			sourceTree = "<group>";
		};
/* End PBXGroup section */

/* Begin PBXNativeTarget section */
		4FB9E8282C2AEE7E00B8B567 /* TwitterClone */ = {
			isa = PBXNativeTarget;
			buildConfigurationList = 4FB9E8532C2AEE8100B8B567 /* Build configuration list for PBXNativeTarget "TwitterClone" */;
			buildPhases = (
				4FB9E8252C2AEE7E00B8B567 /* Sources */,
				4FB9E8262C2AEE7E00B8B567 /* Frameworks */,
				4FB9E8272C2AEE7E00B8B567 /* Resources */,
			);
			buildRules = (
			);
			dependencies = (
			);
			name = TwitterClone;
			packageProductDependencies = (
				4FC19CD92C4706D300DBC31B /* FirebaseAuth */,
				4FC19CDB2C4706D300DBC31B /* FirebaseAuthCombine-Community */,
				4FC19CDD2C4706D300DBC31B /* FirebaseDatabase */,
				4FC19CDF2C4706D300DBC31B /* FirebaseDatabaseSwift */,
				4FC19CE12C4706D300DBC31B /* FirebaseFirestore */,
				4FC19CE32C4706D300DBC31B /* FirebaseFirestoreCombine-Community */,
				4FC19CE52C4706D300DBC31B /* FirebaseFirestoreSwift */,
				4FC19CE72C4706D300DBC31B /* FirebaseStorage */,
				4FC19CE92C4706D300DBC31B /* FirebaseStorageCombine-Community */,
			);
			productName = TwitterClone;
			productReference = 4FB9E8292C2AEE7E00B8B567 /* TwitterClone.app */;
			productType = "com.apple.product-type.application";
		};
		4FB9E83E2C2AEE8100B8B567 /* TwitterCloneTests */ = {
			isa = PBXNativeTarget;
			buildConfigurationList = 4FB9E8562C2AEE8100B8B567 /* Build configuration list for PBXNativeTarget "TwitterCloneTests" */;
			buildPhases = (
				4FB9E83B2C2AEE8100B8B567 /* Sources */,
				4FB9E83C2C2AEE8100B8B567 /* Frameworks */,
				4FB9E83D2C2AEE8100B8B567 /* Resources */,
			);
			buildRules = (
			);
			dependencies = (
				4FB9E8412C2AEE8100B8B567 /* PBXTargetDependency */,
			);
			name = TwitterCloneTests;
			productName = TwitterCloneTests;
			productReference = 4FB9E83F2C2AEE8100B8B567 /* TwitterCloneTests.xctest */;
			productType = "com.apple.product-type.bundle.unit-test";
		};
		4FB9E8482C2AEE8100B8B567 /* TwitterCloneUITests */ = {
			isa = PBXNativeTarget;
			buildConfigurationList = 4FB9E8592C2AEE8100B8B567 /* Build configuration list for PBXNativeTarget "TwitterCloneUITests" */;
			buildPhases = (
				4FB9E8452C2AEE8100B8B567 /* Sources */,
				4FB9E8462C2AEE8100B8B567 /* Frameworks */,
				4FB9E8472C2AEE8100B8B567 /* Resources */,
			);
			buildRules = (
			);
			dependencies = (
				4FB9E84B2C2AEE8100B8B567 /* PBXTargetDependency */,
			);
			name = TwitterCloneUITests;
			productName = TwitterCloneUITests;
			productReference = 4FB9E8492C2AEE8100B8B567 /* TwitterCloneUITests.xctest */;
			productType = "com.apple.product-type.bundle.ui-testing";
		};
/* End PBXNativeTarget section */

/* Begin PBXProject section */
		4FB9E8212C2AEE7E00B8B567 /* Project object */ = {
			isa = PBXProject;
			attributes = {
				BuildIndependentTargetsInParallel = 1;
				LastSwiftUpdateCheck = 1430;
				LastUpgradeCheck = 1430;
				TargetAttributes = {
					4FB9E8282C2AEE7E00B8B567 = {
						CreatedOnToolsVersion = 14.3.1;
					};
					4FB9E83E2C2AEE8100B8B567 = {
						CreatedOnToolsVersion = 14.3.1;
						TestTargetID = 4FB9E8282C2AEE7E00B8B567;
					};
					4FB9E8482C2AEE8100B8B567 = {
						CreatedOnToolsVersion = 14.3.1;
						TestTargetID = 4FB9E8282C2AEE7E00B8B567;
					};
				};
			};
			buildConfigurationList = 4FB9E8242C2AEE7E00B8B567 /* Build configuration list for PBXProject "TwitterClone" */;
			compatibilityVersion = "Xcode 14.0";
			developmentRegion = en;
			hasScannedForEncodings = 0;
			knownRegions = (
				en,
				Base,
			);
			mainGroup = 4FB9E8202C2AEE7E00B8B567;
			packageReferences = (
				4FC19CD82C4706D300DBC31B /* XCRemoteSwiftPackageReference "firebase-ios-sdk" */,
			);
			productRefGroup = 4FB9E82A2C2AEE7E00B8B567 /* Products */;
			projectDirPath = "";
			projectRoot = "";
			targets = (
				4FB9E8282C2AEE7E00B8B567 /* TwitterClone */,
				4FB9E83E2C2AEE8100B8B567 /* TwitterCloneTests */,
				4FB9E8482C2AEE8100B8B567 /* TwitterCloneUITests */,
			);
		};
/* End PBXProject section */

/* Begin PBXResourcesBuildPhase section */
		4FB9E8272C2AEE7E00B8B567 /* Resources */ = {
			isa = PBXResourcesBuildPhase;
			buildActionMask = 2147483647;
			files = (
				4FB9E8392C2AEE8000B8B567 /* LaunchScreen.storyboard in Resources */,
				4FB9E8362C2AEE8000B8B567 /* Assets.xcassets in Resources */,
				4FC19CD72C4705E800DBC31B /* GoogleService-Info.plist in Resources */,
			);
			runOnlyForDeploymentPostprocessing = 0;
		};
		4FB9E83D2C2AEE8100B8B567 /* Resources */ = {
			isa = PBXResourcesBuildPhase;
			buildActionMask = 2147483647;
			files = (
			);
			runOnlyForDeploymentPostprocessing = 0;
		};
		4FB9E8472C2AEE8100B8B567 /* Resources */ = {
			isa = PBXResourcesBuildPhase;
			buildActionMask = 2147483647;
			files = (
			);
			runOnlyForDeploymentPostprocessing = 0;
		};
/* End PBXResourcesBuildPhase section */

/* Begin PBXSourcesBuildPhase section */
		4FB9E8252C2AEE7E00B8B567 /* Sources */ = {
			isa = PBXSourcesBuildPhase;
			buildActionMask = 2147483647;
			files = (
				4FB9E8612C2B09A900B8B567 /* SearchViewController.swift in Sources */,
				4FC19CF62C9C5CAB00DBC31B /* AuthManager.swift in Sources */,
				4FB9E8312C2AEE7E00B8B567 /* MainTabbarViewController.swift in Sources */,
				4FC19CF82CA1ADAB00DBC31B /* LoginViewController.swift in Sources */,
				4FB9E82D2C2AEE7E00B8B567 /* AppDelegate.swift in Sources */,
				4FC19CEF2C4AB4B100DBC31B /* RegisterViewController.swift in Sources */,
				4FB9E8632C2B0A0800B8B567 /* NotificationsViewController.swift in Sources */,
				4FB9E82F2C2AEE7E00B8B567 /* SceneDelegate.swift in Sources */,
				4FB9E85F2C2B099A00B8B567 /* HomeViewController.swift in Sources */,
				4FC19CF22C71037800DBC31B /* RegisterViewViewModel.swift in Sources */,
				4FB9E86B2C2DA79700B8B567 /* ProfileViewController.swift in Sources */,
				4FB9E86D2C308E8B00B8B567 /* ProfileHeaderUIView.swift in Sources */,
				4FB9E8652C2B0A2300B8B567 /* DirectMessagesViewController.swift in Sources */,
				4FC19CED2C4715D200DBC31B /* OnboardingViewController.swift in Sources */,
				4FB9E8682C2C642800B8B567 /* TweetTableViewCell.swift in Sources */,
			);
			runOnlyForDeploymentPostprocessing = 0;
		};
		4FB9E83B2C2AEE8100B8B567 /* Sources */ = {
			isa = PBXSourcesBuildPhase;
			buildActionMask = 2147483647;
			files = (
				4FB9E8442C2AEE8100B8B567 /* TwitterCloneTests.swift in Sources */,
			);
			runOnlyForDeploymentPostprocessing = 0;
		};
		4FB9E8452C2AEE8100B8B567 /* Sources */ = {
			isa = PBXSourcesBuildPhase;
			buildActionMask = 2147483647;
			files = (
				4FB9E8502C2AEE8100B8B567 /* TwitterCloneUITestsLaunchTests.swift in Sources */,
				4FB9E84E2C2AEE8100B8B567 /* TwitterCloneUITests.swift in Sources */,
			);
			runOnlyForDeploymentPostprocessing = 0;
		};
/* End PBXSourcesBuildPhase section */

/* Begin PBXTargetDependency section */
		4FB9E8412C2AEE8100B8B567 /* PBXTargetDependency */ = {
			isa = PBXTargetDependency;
			target = 4FB9E8282C2AEE7E00B8B567 /* TwitterClone */;
			targetProxy = 4FB9E8402C2AEE8100B8B567 /* PBXContainerItemProxy */;
		};
		4FB9E84B2C2AEE8100B8B567 /* PBXTargetDependency */ = {
			isa = PBXTargetDependency;
			target = 4FB9E8282C2AEE7E00B8B567 /* TwitterClone */;
			targetProxy = 4FB9E84A2C2AEE8100B8B567 /* PBXContainerItemProxy */;
		};
/* End PBXTargetDependency section */

/* Begin PBXVariantGroup section */
		4FB9E8372C2AEE8000B8B567 /* LaunchScreen.storyboard */ = {
			isa = PBXVariantGroup;
			children = (
				4FB9E8382C2AEE8000B8B567 /* Base */,
			);
			name = LaunchScreen.storyboard;
			sourceTree = "<group>";
		};
/* End PBXVariantGroup section */

/* Begin XCBuildConfiguration section */
		4FB9E8512C2AEE8100B8B567 /* Debug */ = {
			isa = XCBuildConfiguration;
			buildSettings = {
				ALWAYS_SEARCH_USER_PATHS = NO;
				CLANG_ANALYZER_NONNULL = YES;
				CLANG_ANALYZER_NUMBER_OBJECT_CONVERSION = YES_AGGRESSIVE;
				CLANG_CXX_LANGUAGE_STANDARD = "gnu++20";
				CLANG_ENABLE_MODULES = YES;
				CLANG_ENABLE_OBJC_ARC = YES;
				CLANG_ENABLE_OBJC_WEAK = YES;
				CLANG_WARN_BLOCK_CAPTURE_AUTORELEASING = YES;
				CLANG_WARN_BOOL_CONVERSION = YES;
				CLANG_WARN_COMMA = YES;
				CLANG_WARN_CONSTANT_CONVERSION = YES;
				CLANG_WARN_DEPRECATED_OBJC_IMPLEMENTATIONS = YES;
				CLANG_WARN_DIRECT_OBJC_ISA_USAGE = YES_ERROR;
				CLANG_WARN_DOCUMENTATION_COMMENTS = YES;
				CLANG_WARN_EMPTY_BODY = YES;
				CLANG_WARN_ENUM_CONVERSION = YES;
				CLANG_WARN_INFINITE_RECURSION = YES;
				CLANG_WARN_INT_CONVERSION = YES;
				CLANG_WARN_NON_LITERAL_NULL_CONVERSION = YES;
				CLANG_WARN_OBJC_IMPLICIT_RETAIN_SELF = YES;
				CLANG_WARN_OBJC_LITERAL_CONVERSION = YES;
				CLANG_WARN_OBJC_ROOT_CLASS = YES_ERROR;
				CLANG_WARN_QUOTED_INCLUDE_IN_FRAMEWORK_HEADER = YES;
				CLANG_WARN_RANGE_LOOP_ANALYSIS = YES;
				CLANG_WARN_STRICT_PROTOTYPES = YES;
				CLANG_WARN_SUSPICIOUS_MOVE = YES;
				CLANG_WARN_UNGUARDED_AVAILABILITY = YES_AGGRESSIVE;
				CLANG_WARN_UNREACHABLE_CODE = YES;
				CLANG_WARN__DUPLICATE_METHOD_MATCH = YES;
				COPY_PHASE_STRIP = NO;
				DEBUG_INFORMATION_FORMAT = dwarf;
				ENABLE_STRICT_OBJC_MSGSEND = YES;
				ENABLE_TESTABILITY = YES;
				GCC_C_LANGUAGE_STANDARD = gnu11;
				GCC_DYNAMIC_NO_PIC = NO;
				GCC_NO_COMMON_BLOCKS = YES;
				GCC_OPTIMIZATION_LEVEL = 0;
				GCC_PREPROCESSOR_DEFINITIONS = (
					"DEBUG=1",
					"$(inherited)",
				);
				GCC_WARN_64_TO_32_BIT_CONVERSION = YES;
				GCC_WARN_ABOUT_RETURN_TYPE = YES_ERROR;
				GCC_WARN_UNDECLARED_SELECTOR = YES;
				GCC_WARN_UNINITIALIZED_AUTOS = YES_AGGRESSIVE;
				GCC_WARN_UNUSED_FUNCTION = YES;
				GCC_WARN_UNUSED_VARIABLE = YES;
				IPHONEOS_DEPLOYMENT_TARGET = 16.4;
				MTL_ENABLE_DEBUG_INFO = INCLUDE_SOURCE;
				MTL_FAST_MATH = YES;
				ONLY_ACTIVE_ARCH = YES;
				SDKROOT = iphoneos;
				SWIFT_ACTIVE_COMPILATION_CONDITIONS = DEBUG;
				SWIFT_OPTIMIZATION_LEVEL = "-Onone";
			};
			name = Debug;
		};
		4FB9E8522C2AEE8100B8B567 /* Release */ = {
			isa = XCBuildConfiguration;
			buildSettings = {
				ALWAYS_SEARCH_USER_PATHS = NO;
				CLANG_ANALYZER_NONNULL = YES;
				CLANG_ANALYZER_NUMBER_OBJECT_CONVERSION = YES_AGGRESSIVE;
				CLANG_CXX_LANGUAGE_STANDARD = "gnu++20";
				CLANG_ENABLE_MODULES = YES;
				CLANG_ENABLE_OBJC_ARC = YES;
				CLANG_ENABLE_OBJC_WEAK = YES;
				CLANG_WARN_BLOCK_CAPTURE_AUTORELEASING = YES;
				CLANG_WARN_BOOL_CONVERSION = YES;
				CLANG_WARN_COMMA = YES;
				CLANG_WARN_CONSTANT_CONVERSION = YES;
				CLANG_WARN_DEPRECATED_OBJC_IMPLEMENTATIONS = YES;
				CLANG_WARN_DIRECT_OBJC_ISA_USAGE = YES_ERROR;
				CLANG_WARN_DOCUMENTATION_COMMENTS = YES;
				CLANG_WARN_EMPTY_BODY = YES;
				CLANG_WARN_ENUM_CONVERSION = YES;
				CLANG_WARN_INFINITE_RECURSION = YES;
				CLANG_WARN_INT_CONVERSION = YES;
				CLANG_WARN_NON_LITERAL_NULL_CONVERSION = YES;
				CLANG_WARN_OBJC_IMPLICIT_RETAIN_SELF = YES;
				CLANG_WARN_OBJC_LITERAL_CONVERSION = YES;
				CLANG_WARN_OBJC_ROOT_CLASS = YES_ERROR;
				CLANG_WARN_QUOTED_INCLUDE_IN_FRAMEWORK_HEADER = YES;
				CLANG_WARN_RANGE_LOOP_ANALYSIS = YES;
				CLANG_WARN_STRICT_PROTOTYPES = YES;
				CLANG_WARN_SUSPICIOUS_MOVE = YES;
				CLANG_WARN_UNGUARDED_AVAILABILITY = YES_AGGRESSIVE;
				CLANG_WARN_UNREACHABLE_CODE = YES;
				CLANG_WARN__DUPLICATE_METHOD_MATCH = YES;
				COPY_PHASE_STRIP = NO;
				DEBUG_INFORMATION_FORMAT = "dwarf-with-dsym";
				ENABLE_NS_ASSERTIONS = NO;
				ENABLE_STRICT_OBJC_MSGSEND = YES;
				GCC_C_LANGUAGE_STANDARD = gnu11;
				GCC_NO_COMMON_BLOCKS = YES;
				GCC_WARN_64_TO_32_BIT_CONVERSION = YES;
				GCC_WARN_ABOUT_RETURN_TYPE = YES_ERROR;
				GCC_WARN_UNDECLARED_SELECTOR = YES;
				GCC_WARN_UNINITIALIZED_AUTOS = YES_AGGRESSIVE;
				GCC_WARN_UNUSED_FUNCTION = YES;
				GCC_WARN_UNUSED_VARIABLE = YES;
				IPHONEOS_DEPLOYMENT_TARGET = 16.4;
				MTL_ENABLE_DEBUG_INFO = NO;
				MTL_FAST_MATH = YES;
				SDKROOT = iphoneos;
				SWIFT_COMPILATION_MODE = wholemodule;
				SWIFT_OPTIMIZATION_LEVEL = "-O";
				VALIDATE_PRODUCT = YES;
			};
			name = Release;
		};
		4FB9E8542C2AEE8100B8B567 /* Debug */ = {
			isa = XCBuildConfiguration;
			buildSettings = {
				ASSETCATALOG_COMPILER_APPICON_NAME = AppIcon;
				ASSETCATALOG_COMPILER_GLOBAL_ACCENT_COLOR_NAME = AccentColor;
				CODE_SIGN_STYLE = Automatic;
				CURRENT_PROJECT_VERSION = 1;
				DEVELOPMENT_TEAM = 2P8QJCST64;
				GENERATE_INFOPLIST_FILE = YES;
				INFOPLIST_FILE = TwitterClone/Info.plist;
				INFOPLIST_KEY_UIApplicationSupportsIndirectInputEvents = YES;
				INFOPLIST_KEY_UILaunchStoryboardName = LaunchScreen;
				INFOPLIST_KEY_UISupportedInterfaceOrientations_iPad = "UIInterfaceOrientationPortrait UIInterfaceOrientationPortraitUpsideDown UIInterfaceOrientationLandscapeLeft UIInterfaceOrientationLandscapeRight";
				INFOPLIST_KEY_UISupportedInterfaceOrientations_iPhone = "UIInterfaceOrientationPortrait UIInterfaceOrientationLandscapeLeft UIInterfaceOrientationLandscapeRight";
				LD_RUNPATH_SEARCH_PATHS = (
					"$(inherited)",
					"@executable_path/Frameworks",
				);
				MARKETING_VERSION = 1.0;
				PRODUCT_BUNDLE_IDENTIFIER = info.uygulama.TwitterClone;
				PRODUCT_NAME = "$(TARGET_NAME)";
				SWIFT_EMIT_LOC_STRINGS = YES;
				SWIFT_VERSION = 5.0;
				TARGETED_DEVICE_FAMILY = "1,2";
			};
			name = Debug;
		};
		4FB9E8552C2AEE8100B8B567 /* Release */ = {
			isa = XCBuildConfiguration;
			buildSettings = {
				ASSETCATALOG_COMPILER_APPICON_NAME = AppIcon;
				ASSETCATALOG_COMPILER_GLOBAL_ACCENT_COLOR_NAME = AccentColor;
				CODE_SIGN_STYLE = Automatic;
				CURRENT_PROJECT_VERSION = 1;
				DEVELOPMENT_TEAM = 2P8QJCST64;
				GENERATE_INFOPLIST_FILE = YES;
				INFOPLIST_FILE = TwitterClone/Info.plist;
				INFOPLIST_KEY_UIApplicationSupportsIndirectInputEvents = YES;
				INFOPLIST_KEY_UILaunchStoryboardName = LaunchScreen;
				INFOPLIST_KEY_UISupportedInterfaceOrientations_iPad = "UIInterfaceOrientationPortrait UIInterfaceOrientationPortraitUpsideDown UIInterfaceOrientationLandscapeLeft UIInterfaceOrientationLandscapeRight";
				INFOPLIST_KEY_UISupportedInterfaceOrientations_iPhone = "UIInterfaceOrientationPortrait UIInterfaceOrientationLandscapeLeft UIInterfaceOrientationLandscapeRight";
				LD_RUNPATH_SEARCH_PATHS = (
					"$(inherited)",
					"@executable_path/Frameworks",
				);
				MARKETING_VERSION = 1.0;
				PRODUCT_BUNDLE_IDENTIFIER = info.uygulama.TwitterClone;
				PRODUCT_NAME = "$(TARGET_NAME)";
				SWIFT_EMIT_LOC_STRINGS = YES;
				SWIFT_VERSION = 5.0;
				TARGETED_DEVICE_FAMILY = "1,2";
			};
			name = Release;
		};
		4FB9E8572C2AEE8100B8B567 /* Debug */ = {
			isa = XCBuildConfiguration;
			buildSettings = {
				ALWAYS_EMBED_SWIFT_STANDARD_LIBRARIES = YES;
				BUNDLE_LOADER = "$(TEST_HOST)";
				CODE_SIGN_STYLE = Automatic;
				CURRENT_PROJECT_VERSION = 1;
				DEVELOPMENT_TEAM = 2P8QJCST64;
				GENERATE_INFOPLIST_FILE = YES;
				IPHONEOS_DEPLOYMENT_TARGET = 16.4;
				MARKETING_VERSION = 1.0;
				PRODUCT_BUNDLE_IDENTIFIER = info.uygulama.TwitterCloneTests;
				PRODUCT_NAME = "$(TARGET_NAME)";
				SWIFT_EMIT_LOC_STRINGS = NO;
				SWIFT_VERSION = 5.0;
				TARGETED_DEVICE_FAMILY = "1,2";
				TEST_HOST = "$(BUILT_PRODUCTS_DIR)/TwitterClone.app/$(BUNDLE_EXECUTABLE_FOLDER_PATH)/TwitterClone";
			};
			name = Debug;
		};
		4FB9E8582C2AEE8100B8B567 /* Release */ = {
			isa = XCBuildConfiguration;
			buildSettings = {
				ALWAYS_EMBED_SWIFT_STANDARD_LIBRARIES = YES;
				BUNDLE_LOADER = "$(TEST_HOST)";
				CODE_SIGN_STYLE = Automatic;
				CURRENT_PROJECT_VERSION = 1;
				DEVELOPMENT_TEAM = 2P8QJCST64;
				GENERATE_INFOPLIST_FILE = YES;
				IPHONEOS_DEPLOYMENT_TARGET = 16.4;
				MARKETING_VERSION = 1.0;
				PRODUCT_BUNDLE_IDENTIFIER = info.uygulama.TwitterCloneTests;
				PRODUCT_NAME = "$(TARGET_NAME)";
				SWIFT_EMIT_LOC_STRINGS = NO;
				SWIFT_VERSION = 5.0;
				TARGETED_DEVICE_FAMILY = "1,2";
				TEST_HOST = "$(BUILT_PRODUCTS_DIR)/TwitterClone.app/$(BUNDLE_EXECUTABLE_FOLDER_PATH)/TwitterClone";
			};
			name = Release;
		};
		4FB9E85A2C2AEE8100B8B567 /* Debug */ = {
			isa = XCBuildConfiguration;
			buildSettings = {
				ALWAYS_EMBED_SWIFT_STANDARD_LIBRARIES = YES;
				CODE_SIGN_STYLE = Automatic;
				CURRENT_PROJECT_VERSION = 1;
				DEVELOPMENT_TEAM = 2P8QJCST64;
				GENERATE_INFOPLIST_FILE = YES;
				MARKETING_VERSION = 1.0;
				PRODUCT_BUNDLE_IDENTIFIER = info.uygulama.TwitterCloneUITests;
				PRODUCT_NAME = "$(TARGET_NAME)";
				SWIFT_EMIT_LOC_STRINGS = NO;
				SWIFT_VERSION = 5.0;
				TARGETED_DEVICE_FAMILY = "1,2";
				TEST_TARGET_NAME = TwitterClone;
			};
			name = Debug;
		};
		4FB9E85B2C2AEE8100B8B567 /* Release */ = {
			isa = XCBuildConfiguration;
			buildSettings = {
				ALWAYS_EMBED_SWIFT_STANDARD_LIBRARIES = YES;
				CODE_SIGN_STYLE = Automatic;
				CURRENT_PROJECT_VERSION = 1;
				DEVELOPMENT_TEAM = 2P8QJCST64;
				GENERATE_INFOPLIST_FILE = YES;
				MARKETING_VERSION = 1.0;
				PRODUCT_BUNDLE_IDENTIFIER = info.uygulama.TwitterCloneUITests;
				PRODUCT_NAME = "$(TARGET_NAME)";
				SWIFT_EMIT_LOC_STRINGS = NO;
				SWIFT_VERSION = 5.0;
				TARGETED_DEVICE_FAMILY = "1,2";
				TEST_TARGET_NAME = TwitterClone;
			};
			name = Release;
		};
/* End XCBuildConfiguration section */

/* Begin XCConfigurationList section */
		4FB9E8242C2AEE7E00B8B567 /* Build configuration list for PBXProject "TwitterClone" */ = {
			isa = XCConfigurationList;
			buildConfigurations = (
				4FB9E8512C2AEE8100B8B567 /* Debug */,
				4FB9E8522C2AEE8100B8B567 /* Release */,
			);
			defaultConfigurationIsVisible = 0;
			defaultConfigurationName = Release;
		};
		4FB9E8532C2AEE8100B8B567 /* Build configuration list for PBXNativeTarget "TwitterClone" */ = {
			isa = XCConfigurationList;
			buildConfigurations = (
				4FB9E8542C2AEE8100B8B567 /* Debug */,
				4FB9E8552C2AEE8100B8B567 /* Release */,
			);
			defaultConfigurationIsVisible = 0;
			defaultConfigurationName = Release;
		};
		4FB9E8562C2AEE8100B8B567 /* Build configuration list for PBXNativeTarget "TwitterCloneTests" */ = {
			isa = XCConfigurationList;
			buildConfigurations = (
				4FB9E8572C2AEE8100B8B567 /* Debug */,
				4FB9E8582C2AEE8100B8B567 /* Release */,
			);
			defaultConfigurationIsVisible = 0;
			defaultConfigurationName = Release;
		};
		4FB9E8592C2AEE8100B8B567 /* Build configuration list for PBXNativeTarget "TwitterCloneUITests" */ = {
			isa = XCConfigurationList;
			buildConfigurations = (
				4FB9E85A2C2AEE8100B8B567 /* Debug */,
				4FB9E85B2C2AEE8100B8B567 /* Release */,
			);
			defaultConfigurationIsVisible = 0;
			defaultConfigurationName = Release;
		};
/* End XCConfigurationList section */

/* Begin XCRemoteSwiftPackageReference section */
		4FC19CD82C4706D300DBC31B /* XCRemoteSwiftPackageReference "firebase-ios-sdk" */ = {
			isa = XCRemoteSwiftPackageReference;
			repositoryURL = "https://github.com/firebase/firebase-ios-sdk";
			requirement = {
				kind = upToNextMinorVersion;
				minimumVersion = 10.29.0;
			};
		};
/* End XCRemoteSwiftPackageReference section */

/* Begin XCSwiftPackageProductDependency section */
		4FC19CD92C4706D300DBC31B /* FirebaseAuth */ = {
			isa = XCSwiftPackageProductDependency;
			package = 4FC19CD82C4706D300DBC31B /* XCRemoteSwiftPackageReference "firebase-ios-sdk" */;
			productName = FirebaseAuth;
		};
		4FC19CDB2C4706D300DBC31B /* FirebaseAuthCombine-Community */ = {
			isa = XCSwiftPackageProductDependency;
			package = 4FC19CD82C4706D300DBC31B /* XCRemoteSwiftPackageReference "firebase-ios-sdk" */;
			productName = "FirebaseAuthCombine-Community";
		};
		4FC19CDD2C4706D300DBC31B /* FirebaseDatabase */ = {
			isa = XCSwiftPackageProductDependency;
			package = 4FC19CD82C4706D300DBC31B /* XCRemoteSwiftPackageReference "firebase-ios-sdk" */;
			productName = FirebaseDatabase;
		};
		4FC19CDF2C4706D300DBC31B /* FirebaseDatabaseSwift */ = {
			isa = XCSwiftPackageProductDependency;
			package = 4FC19CD82C4706D300DBC31B /* XCRemoteSwiftPackageReference "firebase-ios-sdk" */;
			productName = FirebaseDatabaseSwift;
		};
		4FC19CE12C4706D300DBC31B /* FirebaseFirestore */ = {
			isa = XCSwiftPackageProductDependency;
			package = 4FC19CD82C4706D300DBC31B /* XCRemoteSwiftPackageReference "firebase-ios-sdk" */;
			productName = FirebaseFirestore;
		};
		4FC19CE32C4706D300DBC31B /* FirebaseFirestoreCombine-Community */ = {
			isa = XCSwiftPackageProductDependency;
			package = 4FC19CD82C4706D300DBC31B /* XCRemoteSwiftPackageReference "firebase-ios-sdk" */;
			productName = "FirebaseFirestoreCombine-Community";
		};
		4FC19CE52C4706D300DBC31B /* FirebaseFirestoreSwift */ = {
			isa = XCSwiftPackageProductDependency;
			package = 4FC19CD82C4706D300DBC31B /* XCRemoteSwiftPackageReference "firebase-ios-sdk" */;
			productName = FirebaseFirestoreSwift;
		};
		4FC19CE72C4706D300DBC31B /* FirebaseStorage */ = {
			isa = XCSwiftPackageProductDependency;
			package = 4FC19CD82C4706D300DBC31B /* XCRemoteSwiftPackageReference "firebase-ios-sdk" */;
			productName = FirebaseStorage;
		};
		4FC19CE92C4706D300DBC31B /* FirebaseStorageCombine-Community */ = {
			isa = XCSwiftPackageProductDependency;
			package = 4FC19CD82C4706D300DBC31B /* XCRemoteSwiftPackageReference "firebase-ios-sdk" */;
			productName = "FirebaseStorageCombine-Community";
		};
/* End XCSwiftPackageProductDependency section */
	};
	rootObject = 4FB9E8212C2AEE7E00B8B567 /* Project object */;
}
